
Microsoft Visual Studio Solution File, Format Version 12.00
# Visual Studio 15
VisualStudioVersion = 15.0.28307.572
MinimumVisualStudioVersion = 10.0.40219.1
Project("{8BC9CEB8-8B4A-11D0-8D11-00A0C91BC942}") = "Класс Строка", "Класс Строка\Класс Строка.vcxproj", "{6E952293-7477-47CF-9EF2-0CEE92050DB6}"
EndProject
Global
	GlobalSection(SolutionConfigurationPlatforms) = preSolution
		Debug|x64 = Debug|x64
		Debug|x86 = Debug|x86
		Release|x64 = Release|x64
		Release|x86 = Release|x86
	EndGlobalSection
	GlobalSection(ProjectConfigurationPlatforms) = postSolution
		{6E952293-7477-47CF-9EF2-0CEE92050DB6}.Debug|x64.ActiveCfg = Debug|x64
		{6E952293-7477-47CF-9EF2-0CEE92050DB6}.Debug|x64.Build.0 = Debug|x64
		{6E952293-7477-47CF-9EF2-0CEE92050DB6}.Debug|x86.ActiveCfg = Debug|Win32
		{6E952293-7477-47CF-9EF2-0CEE92050DB6}.Debug|x86.Build.0 = Debug|Win32
		{6E952293-7477-47CF-9EF2-0CEE92050DB6}.Release|x64.ActiveCfg = Release|x64
		{6E952293-7477-47CF-9EF2-0CEE92050DB6}.Release|x64.Build.0 = Release|x64
		{6E952293-7477-47CF-9EF2-0CEE92050DB6}.Release|x86.ActiveCfg = Release|Win32
		{6E952293-7477-47CF-9EF2-0CEE92050DB6}.Release|x86.Build.0 = Release|Win32
	EndGlobalSection
	GlobalSection(SolutionProperties) = preSolution
		HideSolutionNode = FALSE
	EndGlobalSection
	GlobalSection(ExtensibilityGlobals) = postSolution
		SolutionGuid = {36F9FEC4-B331-4E82-A66F-C3F2ED031B13}
	EndGlobalSection
EndGlobal
